
Microsoft Visual Studio Solution File, Format Version 12.00
# Visual Studio 15
VisualStudioVersion = 15.0.28307.779
MinimumVisualStudioVersion = 10.0.40219.1
Project("{FAE04EC0-301F-11D3-BF4B-00C04F79EFBC}") = "Craigslist Mail Scraper", "Craigslist Mail Scraper\Craigslist Mail Scraper.csproj", "{FAD87843-AB48-40A7-95C0-AC3768430B9B}"
EndProject
Global
	GlobalSection(SolutionConfigurationPlatforms) = preSolution
		Debug|Any CPU = Debug|Any CPU
		Release|Any CPU = Release|Any CPU
	EndGlobalSection
	GlobalSection(ProjectConfigurationPlatforms) = postSolution
		{FAD87843-AB48-40A7-95C0-AC3768430B9B}.Debug|Any CPU.ActiveCfg = Debug|Any CPU
		{FAD87843-AB48-40A7-95C0-AC3768430B9B}.Debug|Any CPU.Build.0 = Debug|Any CPU
		{FAD87843-AB48-40A7-95C0-AC3768430B9B}.Release|Any CPU.ActiveCfg = Release|Any CPU
		{FAD87843-AB48-40A7-95C0-AC3768430B9B}.Release|Any CPU.Build.0 = Release|Any CPU
	EndGlobalSection
	GlobalSection(SolutionProperties) = preSolution
		HideSolutionNode = FALSE
	EndGlobalSection
	GlobalSection(ExtensibilityGlobals) = postSolution
		SolutionGuid = {6FA1EE60-421A-48F9-887C-98275AC30CC6}
	EndGlobalSection
EndGlobal
